{
    "_meta": {
        "hash": {
            "sha256": "405e682d5e290970981c81be6fc2f4ca8981abc5ba0132b90230aef16fe037aa"
        },
        "pipfile-spec": 6,
        "requires": {
            "python_version": "3.6"
        },
        "sources": [
            {
                "name": "pypi",
                "url": "https://pypi.python.org/simple",
                "verify_ssl": true
            }
        ]
    },
    "default": {
        "mysqlclient": {
            "hashes": [
                "sha256:ff8ee1be84215e6c30a746b728c41eb0701a46ca76e343af445b35ce6250644f"
            ],
            "index": "pypi",
            "version": "==1.3.13"
        },
        "numpy": {
            "hashes": [
                "sha256:032df9b6571c5f1d41ea6f6a189223208cb488990373aa686aca55570fcccb42",
                "sha256:094f8a83e5bd0a44a7557fa24a46db6ba7d5299c389ddbc9e0e18722f567fb63",
                "sha256:1c0c80e74759fa4942298044274f2c11b08c86230b25b8b819e55e644f5ff2b6",
                "sha256:2aa0910eaeb603b1a5598193cc3bc8eacf1baf6c95cbc3955eb8e15fa380c133",
                "sha256:2f5ebc7a04885c7d69e5daa05208faef4db7f1ae6a99f4d36962df8cd54cdc76",
                "sha256:32a07241cb624e104b88b08dea2851bf4ec5d65a1f599d7735041ced7171fd7a",
                "sha256:3c7959f750b54b445f14962a3ddc41b9eadbab00b86da55fbb1967b2b79aad10",
                "sha256:3d8f9273c763a139a99e65c2a3c10f1109df30bedae7f011b10d95c538364704",
                "sha256:63bca71691339d2d6f8a7c970821f2b12098a53afccc0190d4e1555e75e5223a",
                "sha256:7ae9c3baff3b989859c88e0168ad10902118595b996bf781eaf011bb72428798",
                "sha256:866a7c8774ccc7d603667fad95456b4cf56d79a2bb5a7648ac9f0082e0b9416e",
                "sha256:8bc4b92a273659e44ca3f3a2f8786cfa39d8302223bcfe7df794429c63d5f5a1",
                "sha256:919f65e0732195474897b1cafefb4d4e7c2bb8174a725e506b62e9096e4df28d",
                "sha256:9d1598573d310104acb90377f0a8c2319f737084689f5eb18012becaf345cda5",
                "sha256:9fff90c88bfaad2901be50453d5cd7897a826c1d901f0654ee1d73ab3a48cd18",
                "sha256:a245464ddf6d90e2d6287e9cef6bcfda2a99467fdcf1b677b99cd0b6c7b43de2",
                "sha256:a988db28f54e104a01e8573ceb6f28202b4c15635b1450b2e3b2b822c6564f9b",
                "sha256:b12fe6f31babb9477aa0f9692730654b3ee0e71f33b4568170dfafd439caf0a2",
                "sha256:b7599ff4acd23f5de983e3aec772153b1043e131487a5c6ad0f94b41a828877a",
                "sha256:c9f4dafd6065c4c782be84cd67ceeb9b1d4380af60a7af32be10ebecd723385e",
                "sha256:ce3622b73ccd844ba301c1aea65d36cf9d8331e7c25c16b1725d0f14db99aaf4",
                "sha256:d0f36a24cf8061a2c03e151be3418146717505b9b4ec17502fa3bbdb04ec1431",
                "sha256:d263f8f14f2da0c079c0297e829e550d8f2c4e0ffef215506bd1d0ddd2bff3de",
                "sha256:d8837ff272800668aabdfe70b966631914b0d6513aed4fc1b1428446f771834d",
                "sha256:ef694fe72a3995aa778a5095bda946e0d31f7efabd5e8063ad8c6238ab7d3f78",
                "sha256:f1fd1a6f40a501ba4035f5ed2c1f4faa68245d1407bf97d2ee401e4f23d1720b",
                "sha256:fa337b6bd5fe2b8c4e705f4102186feb9985de9bb8536d32d5129a658f1789e0",
                "sha256:febd31cd0d2fd2509ca2ec53cb339f8bf593c1bd245b9fc55c1917a68532a0af"
            ],
            "index": "pypi",
            "version": "==1.15.3"
        },
        "pandas": {
            "hashes": [
                "sha256:0013bf26a74d36afdbb97937e3c241df197c3c996ada4ab16175f099903e06d7",
                "sha256:0cf21ba0446f2b49816be59cfe6dae377f0947d9cab1fb78a1e63ef0876f32d1",
                "sha256:137880ff2f36a832775e5826b92d457669f99464fb344dced003431bd86b3310",
                "sha256:1e53c8b1bd521217a96abc660805c082548f36e6c49e424ba9559a95b407cfbc",
                "sha256:232683ed6f0500ed920a40899cc83f3ec785701183c021eff003605602d6cfdf",
                "sha256:304d3ae8251b448d16b3c90a2f81b2740a7796507a5046a0c434f2f327933b0d",
                "sha256:346336c2a9f292d07801f6def56730708457a135f469812f33f74122c8c911f0",
                "sha256:421dd4146cf6748b9751494977c917850c87ef6f2b641cf54e0e8b7850a13017",
                "sha256:56bc8513345f94c1af85a8a486dbb7a88e403145b2fbd449fec747b11e430a43",
                "sha256:600161b2b0ceeed6dce7c62fe295c28e0142197f137714b7a3dfef976e231511",
                "sha256:69548fc12f646f7e034d529b94b2f82b3c30307b1dc49756bce413ef3a18c1b1",
                "sha256:6c15aebaf10a02fa411f336d2029fb303892b17d470f5d7de91597fc31cebd65",
                "sha256:9905aada97d9396dbc60657559d19fd18fa75ef6adfb8bdb5888909403d553c9",
                "sha256:c7230509970a948d5af368d2f99919a42940d39790979a25e340ca23366a3fdf",
                "sha256:c75a2dd759ebb3dd71c4579e41b6bcb0681c44bd035cd8eeb9b073a910458687",
                "sha256:e71121c9dc93288aae4ad4d6e5e16432b8efb14fabe5a72e25ae92e57156564f"
            ],
            "index": "pypi",
            "version": "==0.15.1"
        },
        "peewee": {
            "hashes": [
                "sha256:a91c3ccff43ab71f08196aba1d17dd2548079744d54adc33d511db1c30b446ba"
            ],
            "index": "pypi",
            "version": "==3.7.1"
        },
        "python-dateutil": {
            "hashes": [
                "sha256:eec865307ebe7f329a6a9945c15453265a449cdaaf3710340828a1934d53e468"
            ],
            "index": "pypi",
            "version": "==2.2"
        },
        "pytz": {
            "hashes": [
                "sha256:27cc723002419969266df9d5bf93127cacd300bed0cc15499310ec357efd904d",
                "sha256:431c78bcf827c92a19d7829cd9ae7902d52d6dfcb23d98904fc807ddea1ec076",
                "sha256:4ba0ab74fa7f34f77ff236ee2157454d1c2aaeaaa25932363bfa1be6cb82dbd6",
                "sha256:528f1c8f9d693fc97168b56392fe9f7a06e347b1f130942bd65d4f5f4d498a58",
                "sha256:555a4b1159975cc3ea28f9ac2cd182143a72579daf2b23f4d7690eef354af387",
                "sha256:850d5ff93034ad09edcd0e5788c2898e6e8ea1ea7ea675fee8b3ba69e056c2b8",
                "sha256:a54b953a6ab62ef6e22871295c7e023806c8c72785cccad9d2954c3fc4057951",
                "sha256:a7e835bf0d909c121c8bcf98650a80c84980b0f6640a439296766b0b59a495fb",
                "sha256:c5bcbd11cf9847096ae1eb4e83dde75d10ac62efe6e73c4600f3f980968cdbd2",
                "sha256:e5d3283bc491b99b89dbb68e4c6fa845214c6b4c4f9126d29f6d42bcafb5de9c",
                "sha256:e8c13eb8c6159b39b986010ba75f0abf0f38a4fd80de452d4e5942cb1a3e7329",
                "sha256:f224916cf2d86e464db0489cda62cfd93701cdb224c204bb00d9191b861bf2e1"
            ],
            "index": "pypi",
            "version": "==2014.9"
        },
        "scikit-learn": {
            "hashes": [
                "sha256:1a8a881f6f13edc0ac58931ce21f899eb7920af50aa08802413d1239e2aa5fa6",
                "sha256:43a5bd96ab8e5c09a40ff482dddeb71fd850faffc77ab056d6a8e5619bdc1598",
                "sha256:6b46372e4eb53d98f876e7be4443d52710ec491edf1ff553de6c5f763d406849",
                "sha256:77e13692c419a56fd2f66a56c3b15393f7b1618115f68e023a53751a0d0e6cc7",
                "sha256:80c2df89ec0dba5eb3bf668fb62216686e9c77567d2ab922fdb8ef0ae7b3a075",
                "sha256:834af70a8dfac07c5c71859fae2773bd55a1b7a62bf60f7817848f1d5b9d27d9",
                "sha256:8c56e565eddc93d50dc887290fb7cc3726eefb18af3fdcbd9ab8d9f39eba0e91",
                "sha256:a04901dc20876ce35046dce97f35d530549784dcc5f653d7733a1356c697cf03",
                "sha256:a04953d6b7f9d4442e1e0a5232638330f2b0575c5a04ea186d8a3e99c8be8f93",
                "sha256:a3eb188fbd9ef4ceba5c6fe37b2b92d5f301d718fc7c58635ed9c08a092e550d",
                "sha256:b8fd3f46cac67b7bf2b5ec9465d88e26cae9e1983fdda4b0c4adabe01031da56",
                "sha256:d711fcbd56d85dfd2799b2fc88d2368bd0a998cb23558adf965605ecb891dd8d"
            ],
            "index": "pypi",
            "version": "==0.15.2"
        },
        "scipy": {
            "hashes": [
                "sha256:0611ee97296265af4a21164a5323f8c1b4e8e15c582d3dfa7610825900136bb7",
                "sha256:08237eda23fd8e4e54838258b124f1cd141379a5f281b0a234ca99b38918c07a",
                "sha256:0e645dbfc03f279e1946cf07c9c754c2a1859cb4a41c5f70b25f6b3a586b6dbd",
                "sha256:0e9bb7efe5f051ea7212555b290e784b82f21ffd0f655405ac4f87e288b730b3",
                "sha256:108c16640849e5827e7d51023efb3bd79244098c3f21e4897a1007720cb7ce37",
                "sha256:340ef70f5b0f4e2b4b43c8c8061165911bc6b2ad16f8de85d9774545e2c47463",
                "sha256:3ad73dfc6f82e494195144bd3a129c7241e761179b7cb5c07b9a0ede99c686f3",
                "sha256:3b243c77a822cd034dad53058d7c2abf80062aa6f4a32e9799c95d6391558631",
                "sha256:404a00314e85eca9d46b80929571b938e97a143b4f2ddc2b2b3c91a4c4ead9c5",
                "sha256:423b3ff76957d29d1cce1bc0d62ebaf9a3fdfaf62344e3fdec14619bb7b5ad3a",
                "sha256:42d9149a2fff7affdd352d157fa5717033767857c11bd55aa4a519a44343dfef",
                "sha256:625f25a6b7d795e8830cb70439453c9f163e6870e710ec99eba5722775b318f3",
                "sha256:698c6409da58686f2df3d6f815491fd5b4c2de6817a45379517c92366eea208f",
                "sha256:729f8f8363d32cebcb946de278324ab43d28096f36593be6281ca1ee86ce6559",
                "sha256:8190770146a4c8ed5d330d5b5ad1c76251c63349d25c96b3094875b930c44692",
                "sha256:878352408424dffaa695ffedf2f9f92844e116686923ed9aa8626fc30d32cfd1",
                "sha256:8b984f0821577d889f3c7ca8445564175fb4ac7c7f9659b7c60bef95b2b70e76",
                "sha256:8f841bbc21d3dad2111a94c490fb0a591b8612ffea86b8e5571746ae76a3deac",
                "sha256:c22b27371b3866c92796e5d7907e914f0e58a36d3222c5d436ddd3f0e354227a",
                "sha256:d0cdd5658b49a722783b8b4f61a6f1f9c75042d0e29a30ccb6cacc9b25f6d9e2",
                "sha256:d40dc7f494b06dcee0d303e51a00451b2da6119acbeaccf8369f2d29e28917ac",
                "sha256:d8491d4784aceb1f100ddb8e31239c54e4afab8d607928a9f7ef2469ec35ae01",
                "sha256:dfc5080c38dde3f43d8fbb9c0539a7839683475226cf83e4b24363b227dfe552",
                "sha256:e24e22c8d98d3c704bb3410bce9b69e122a8de487ad3dbfe9985d154e5c03a40",
                "sha256:e7a01e53163818d56eabddcafdc2090e9daba178aad05516b20c6591c4811020",
                "sha256:ee677635393414930541a096fc8e61634304bb0153e4e02b75685b11eba14cae",
                "sha256:f0521af1b722265d824d6ad055acfe9bd3341765735c44b5a4d0069e189a0f40",
                "sha256:f25c281f12c0da726c6ed00535ca5d1622ec755c30a3f8eafef26cf43fede694"
            ],
            "index": "pypi",
            "version": "==1.1.0"
        },
        "six": {
            "hashes": [
                "sha256:047bbbba41bac37c444c75ddfdf0573dd6e2f1fbd824e6247bb26fa7d8fa3830",
                "sha256:facfe0c7cceafd49e8f7e472111294566605fdfddc23011da06cc3a4601c9f7d"
            ],
            "index": "pypi",
            "version": "==1.8.0"
        },
        "tqdm": {
            "hashes": [
                "sha256:3c4d4a5a41ef162dd61f1edb86b0e1c7859054ab656b2e7c7b77e7fbf6d9f392",
                "sha256:5b4d5549984503050883bc126280b386f5f4ca87e6c023c5d015655ad75bdebb"
            ],
            "index": "pypi",
            "version": "==4.28.1"
        }
    },
    "develop": {}
}
